
Microsoft Visual Studio Solution File, Format Version 12.00
# Visual Studio Version 16
VisualStudioVersion = 16.0.31702.278
MinimumVisualStudioVersion = 10.0.40219.1
Project("{FAE04EC0-301F-11D3-BF4B-00C04F79EFBC}") = "WindowsFormsApp1", "WindowsFormsApp1\WindowsFormsApp1.csproj", "{429257F2-03AA-46B7-B28B-138F69F20873}"
EndProject
Global
	GlobalSection(SolutionConfigurationPlatforms) = preSolution
		Debug|Any CPU = Debug|Any CPU
		Release|Any CPU = Release|Any CPU
	EndGlobalSection
	GlobalSection(ProjectConfigurationPlatforms) = postSolution
		{429257F2-03AA-46B7-B28B-138F69F20873}.Debug|Any CPU.ActiveCfg = Debug|Any CPU
		{429257F2-03AA-46B7-B28B-138F69F20873}.Debug|Any CPU.Build.0 = Debug|Any CPU
		{429257F2-03AA-46B7-B28B-138F69F20873}.Release|Any CPU.ActiveCfg = Release|Any CPU
		{429257F2-03AA-46B7-B28B-138F69F20873}.Release|Any CPU.Build.0 = Release|Any CPU
	EndGlobalSection
	GlobalSection(SolutionProperties) = preSolution
		HideSolutionNode = FALSE
	EndGlobalSection
	GlobalSection(ExtensibilityGlobals) = postSolution
		SolutionGuid = {0EBA75C3-8E89-4E3A-AD99-5D6DACA44D4A}
	EndGlobalSection
EndGlobal
